<?xml version="1.0" encoding="UTF-8"?>
<CodeBlocks_project_file>
	<FileVersion major="1" minor="6"/>
	<Project>
		<Option title="TBG"/>
		<Option makefile_is_custom="1"/>
		<Option compiler="icc"/>
		<Option virtualFolders="CMake Files\;CMake Files\test\;CMake Files\test\googletest\;CMake Files\test\googletest\googlemock\;CMake Files\test\googletest\googlemock\cmake\;CMake Files\test\googletest\googletest\;CMake Files\test\googletest\googletest\cmake\;"/>
		<Build>
			<Target title="all">
				<Option working_dir="/home/chris/academics/PhD/codebase/TBG_FLOQUET"/>
				<Option type="4"/>
				<MakeCommands>
					<Build command="/usr/bin/make -j8 -f &quot;/home/chris/academics/PhD/codebase/TBG_FLOQUET/Makefile&quot;  VERBOSE=1 all"/>
					<CompileFile command="/usr/bin/make -j8 -f &quot;/home/chris/academics/PhD/codebase/TBG_FLOQUET/Makefile&quot;  VERBOSE=1 &quot;$file&quot;"/>
					<Clean command="/usr/bin/make -j8 -f &quot;/home/chris/academics/PhD/codebase/TBG_FLOQUET/Makefile&quot;  VERBOSE=1 clean"/>
					<DistClean command="/usr/bin/make -j8 -f &quot;/home/chris/academics/PhD/codebase/TBG_FLOQUET/Makefile&quot;  VERBOSE=1 clean"/>
				</MakeCommands>
			</Target>
			<Target title="install/strip">
				<Option working_dir="/home/chris/academics/PhD/codebase/TBG_FLOQUET"/>
				<Option type="4"/>
				<MakeCommands>
					<Build command="/usr/bin/make -j8 -f &quot;/home/chris/academics/PhD/codebase/TBG_FLOQUET/Makefile&quot;  VERBOSE=1 install/strip"/>
					<CompileFile command="/usr/bin/make -j8 -f &quot;/home/chris/academics/PhD/codebase/TBG_FLOQUET/Makefile&quot;  VERBOSE=1 &quot;$file&quot;"/>
					<Clean command="/usr/bin/make -j8 -f &quot;/home/chris/academics/PhD/codebase/TBG_FLOQUET/Makefile&quot;  VERBOSE=1 clean"/>
					<DistClean command="/usr/bin/make -j8 -f &quot;/home/chris/academics/PhD/codebase/TBG_FLOQUET/Makefile&quot;  VERBOSE=1 clean"/>
				</MakeCommands>
			</Target>
			<Target title="install/local">
				<Option working_dir="/home/chris/academics/PhD/codebase/TBG_FLOQUET"/>
				<Option type="4"/>
				<MakeCommands>
					<Build command="/usr/bin/make -j8 -f &quot;/home/chris/academics/PhD/codebase/TBG_FLOQUET/Makefile&quot;  VERBOSE=1 install/local"/>
					<CompileFile command="/usr/bin/make -j8 -f &quot;/home/chris/academics/PhD/codebase/TBG_FLOQUET/Makefile&quot;  VERBOSE=1 &quot;$file&quot;"/>
					<Clean command="/usr/bin/make -j8 -f &quot;/home/chris/academics/PhD/codebase/TBG_FLOQUET/Makefile&quot;  VERBOSE=1 clean"/>
					<DistClean command="/usr/bin/make -j8 -f &quot;/home/chris/academics/PhD/codebase/TBG_FLOQUET/Makefile&quot;  VERBOSE=1 clean"/>
				</MakeCommands>
			</Target>
			<Target title="install">
				<Option working_dir="/home/chris/academics/PhD/codebase/TBG_FLOQUET"/>
				<Option type="4"/>
				<MakeCommands>
					<Build command="/usr/bin/make -j8 -f &quot;/home/chris/academics/PhD/codebase/TBG_FLOQUET/Makefile&quot;  VERBOSE=1 install"/>
					<CompileFile command="/usr/bin/make -j8 -f &quot;/home/chris/academics/PhD/codebase/TBG_FLOQUET/Makefile&quot;  VERBOSE=1 &quot;$file&quot;"/>
					<Clean command="/usr/bin/make -j8 -f &quot;/home/chris/academics/PhD/codebase/TBG_FLOQUET/Makefile&quot;  VERBOSE=1 clean"/>
					<DistClean command="/usr/bin/make -j8 -f &quot;/home/chris/academics/PhD/codebase/TBG_FLOQUET/Makefile&quot;  VERBOSE=1 clean"/>
				</MakeCommands>
			</Target>
			<Target title="list_install_components">
				<Option working_dir="/home/chris/academics/PhD/codebase/TBG_FLOQUET"/>
				<Option type="4"/>
				<MakeCommands>
					<Build command="/usr/bin/make -j8 -f &quot;/home/chris/academics/PhD/codebase/TBG_FLOQUET/Makefile&quot;  VERBOSE=1 list_install_components"/>
					<CompileFile command="/usr/bin/make -j8 -f &quot;/home/chris/academics/PhD/codebase/TBG_FLOQUET/Makefile&quot;  VERBOSE=1 &quot;$file&quot;"/>
					<Clean command="/usr/bin/make -j8 -f &quot;/home/chris/academics/PhD/codebase/TBG_FLOQUET/Makefile&quot;  VERBOSE=1 clean"/>
					<DistClean command="/usr/bin/make -j8 -f &quot;/home/chris/academics/PhD/codebase/TBG_FLOQUET/Makefile&quot;  VERBOSE=1 clean"/>
				</MakeCommands>
			</Target>
			<Target title="edit_cache">
				<Option working_dir="/home/chris/academics/PhD/codebase/TBG_FLOQUET"/>
				<Option type="4"/>
				<MakeCommands>
					<Build command="/usr/bin/make -j8 -f &quot;/home/chris/academics/PhD/codebase/TBG_FLOQUET/Makefile&quot;  VERBOSE=1 edit_cache"/>
					<CompileFile command="/usr/bin/make -j8 -f &quot;/home/chris/academics/PhD/codebase/TBG_FLOQUET/Makefile&quot;  VERBOSE=1 &quot;$file&quot;"/>
					<Clean command="/usr/bin/make -j8 -f &quot;/home/chris/academics/PhD/codebase/TBG_FLOQUET/Makefile&quot;  VERBOSE=1 clean"/>
					<DistClean command="/usr/bin/make -j8 -f &quot;/home/chris/academics/PhD/codebase/TBG_FLOQUET/Makefile&quot;  VERBOSE=1 clean"/>
				</MakeCommands>
			</Target>
			<Target title="test">
				<Option working_dir="/home/chris/academics/PhD/codebase/TBG_FLOQUET"/>
				<Option type="4"/>
				<MakeCommands>
					<Build command="/usr/bin/make -j8 -f &quot;/home/chris/academics/PhD/codebase/TBG_FLOQUET/Makefile&quot;  VERBOSE=1 test"/>
					<CompileFile command="/usr/bin/make -j8 -f &quot;/home/chris/academics/PhD/codebase/TBG_FLOQUET/Makefile&quot;  VERBOSE=1 &quot;$file&quot;"/>
					<Clean command="/usr/bin/make -j8 -f &quot;/home/chris/academics/PhD/codebase/TBG_FLOQUET/Makefile&quot;  VERBOSE=1 clean"/>
					<DistClean command="/usr/bin/make -j8 -f &quot;/home/chris/academics/PhD/codebase/TBG_FLOQUET/Makefile&quot;  VERBOSE=1 clean"/>
				</MakeCommands>
			</Target>
			<Target title="TBG.out">
				<Option output="/home/chris/academics/PhD/codebase/TBG_FLOQUET/TBG.out" prefix_auto="0" extension_auto="0"/>
				<Option working_dir="/home/chris/academics/PhD/codebase/TBG_FLOQUET"/>
				<Option object_output="./"/>
				<Option type="1"/>
				<Option compiler="icc"/>
				<Compiler>
					<Add directory="/home/chris/academics/PhD/codebase/TBG_FLOQUET"/>
					<Add directory="/home/chris/academics/PhD/codebase/TBG_FLOQUET/./include"/>
					<Add directory="/usr/include/hdf5/serial"/>
					<Add directory="/opt/intel/oneapi/mpi/2021.3.0/include"/>
					<Add directory="/opt/intel/oneapi/vpl/2021.4.0/include"/>
					<Add directory="/opt/intel/oneapi/tbb/2021.3.0/env/../include"/>
					<Add directory="/opt/intel/oneapi/mpi/2021.3.0//include"/>
					<Add directory="/opt/intel/oneapi/mkl/2021.3.0/include"/>
					<Add directory="/opt/intel/oneapi/ipp/2021.3.0/include"/>
					<Add directory="/opt/intel/oneapi/ippcp/2021.3.0/include"/>
					<Add directory="/opt/intel/oneapi/dpl/2021.4.0/linux/include"/>
					<Add directory="/opt/intel/oneapi/dpcpp-ct/2021.3.0/include"/>
					<Add directory="/opt/intel/oneapi/dnnl/2021.3.0/cpu_dpcpp_gpu_dpcpp/lib"/>
					<Add directory="/opt/intel/oneapi/dev-utilities/2021.3.0/include"/>
					<Add directory="/opt/intel/oneapi/dal/2021.3.0/include"/>
					<Add directory="/opt/intel/oneapi/compiler/2021.3.0/linux/include"/>
					<Add directory="/opt/intel/oneapi/ccl/2021.3.0/include/cpu_gpu_dpcpp"/>
					<Add directory="/opt/intel/oneapi/clck/2021.3.0/include"/>
					<Add directory="/opt/intel/oneapi/compiler/2021.3.0/linux/bin/intel64/../../compiler/include/intel64"/>
					<Add directory="/opt/intel/oneapi/compiler/2021.3.0/linux/bin/intel64/../../compiler/include/icc"/>
					<Add directory="/opt/intel/oneapi/compiler/2021.3.0/linux/bin/intel64/../../compiler/include"/>
					<Add directory="/usr/include/c++/9"/>
					<Add directory="/usr/include/c++/9/backward"/>
					<Add directory="/usr/local/include"/>
					<Add directory="/usr/lib/gcc/x86_64-linux-gnu/9/include"/>
					<Add directory="/usr/include/"/>
					<Add directory="/usr/include"/>
					<Add directory="/usr/include/x86_64-linux-gnu"/>
					<Add directory="/usr/include/x86_64-linux-gnu/c++/9"/>
				</Compiler>
				<MakeCommands>
					<Build command="/usr/bin/make -j8 -f &quot;/home/chris/academics/PhD/codebase/TBG_FLOQUET/Makefile&quot;  VERBOSE=1 TBG.out"/>
					<CompileFile command="/usr/bin/make -j8 -f &quot;/home/chris/academics/PhD/codebase/TBG_FLOQUET/Makefile&quot;  VERBOSE=1 &quot;$file&quot;"/>
					<Clean command="/usr/bin/make -j8 -f &quot;/home/chris/academics/PhD/codebase/TBG_FLOQUET/Makefile&quot;  VERBOSE=1 clean"/>
					<DistClean command="/usr/bin/make -j8 -f &quot;/home/chris/academics/PhD/codebase/TBG_FLOQUET/Makefile&quot;  VERBOSE=1 clean"/>
				</MakeCommands>
			</Target>
			<Target title="TBG.out/fast">
				<Option output="/home/chris/academics/PhD/codebase/TBG_FLOQUET/TBG.out" prefix_auto="0" extension_auto="0"/>
				<Option working_dir="/home/chris/academics/PhD/codebase/TBG_FLOQUET"/>
				<Option object_output="./"/>
				<Option type="1"/>
				<Option compiler="icc"/>
				<Compiler>
					<Add directory="/home/chris/academics/PhD/codebase/TBG_FLOQUET"/>
					<Add directory="/home/chris/academics/PhD/codebase/TBG_FLOQUET/./include"/>
					<Add directory="/usr/include/hdf5/serial"/>
					<Add directory="/opt/intel/oneapi/mpi/2021.3.0/include"/>
					<Add directory="/opt/intel/oneapi/vpl/2021.4.0/include"/>
					<Add directory="/opt/intel/oneapi/tbb/2021.3.0/env/../include"/>
					<Add directory="/opt/intel/oneapi/mpi/2021.3.0//include"/>
					<Add directory="/opt/intel/oneapi/mkl/2021.3.0/include"/>
					<Add directory="/opt/intel/oneapi/ipp/2021.3.0/include"/>
					<Add directory="/opt/intel/oneapi/ippcp/2021.3.0/include"/>
					<Add directory="/opt/intel/oneapi/dpl/2021.4.0/linux/include"/>
					<Add directory="/opt/intel/oneapi/dpcpp-ct/2021.3.0/include"/>
					<Add directory="/opt/intel/oneapi/dnnl/2021.3.0/cpu_dpcpp_gpu_dpcpp/lib"/>
					<Add directory="/opt/intel/oneapi/dev-utilities/2021.3.0/include"/>
					<Add directory="/opt/intel/oneapi/dal/2021.3.0/include"/>
					<Add directory="/opt/intel/oneapi/compiler/2021.3.0/linux/include"/>
					<Add directory="/opt/intel/oneapi/ccl/2021.3.0/include/cpu_gpu_dpcpp"/>
					<Add directory="/opt/intel/oneapi/clck/2021.3.0/include"/>
					<Add directory="/opt/intel/oneapi/compiler/2021.3.0/linux/bin/intel64/../../compiler/include/intel64"/>
					<Add directory="/opt/intel/oneapi/compiler/2021.3.0/linux/bin/intel64/../../compiler/include/icc"/>
					<Add directory="/opt/intel/oneapi/compiler/2021.3.0/linux/bin/intel64/../../compiler/include"/>
					<Add directory="/usr/include/c++/9"/>
					<Add directory="/usr/include/c++/9/backward"/>
					<Add directory="/usr/local/include"/>
					<Add directory="/usr/lib/gcc/x86_64-linux-gnu/9/include"/>
					<Add directory="/usr/include/"/>
					<Add directory="/usr/include"/>
					<Add directory="/usr/include/x86_64-linux-gnu"/>
					<Add directory="/usr/include/x86_64-linux-gnu/c++/9"/>
				</Compiler>
				<MakeCommands>
					<Build command="/usr/bin/make -j8 -f &quot;/home/chris/academics/PhD/codebase/TBG_FLOQUET/Makefile&quot;  VERBOSE=1 TBG.out/fast"/>
					<CompileFile command="/usr/bin/make -j8 -f &quot;/home/chris/academics/PhD/codebase/TBG_FLOQUET/Makefile&quot;  VERBOSE=1 &quot;$file&quot;"/>
					<Clean command="/usr/bin/make -j8 -f &quot;/home/chris/academics/PhD/codebase/TBG_FLOQUET/Makefile&quot;  VERBOSE=1 clean"/>
					<DistClean command="/usr/bin/make -j8 -f &quot;/home/chris/academics/PhD/codebase/TBG_FLOQUET/Makefile&quot;  VERBOSE=1 clean"/>
				</MakeCommands>
			</Target>
			<Target title="rebuild_cache">
				<Option working_dir="/home/chris/academics/PhD/codebase/TBG_FLOQUET"/>
				<Option type="4"/>
				<MakeCommands>
					<Build command="/usr/bin/make -j8 -f &quot;/home/chris/academics/PhD/codebase/TBG_FLOQUET/Makefile&quot;  VERBOSE=1 rebuild_cache"/>
					<CompileFile command="/usr/bin/make -j8 -f &quot;/home/chris/academics/PhD/codebase/TBG_FLOQUET/Makefile&quot;  VERBOSE=1 &quot;$file&quot;"/>
					<Clean command="/usr/bin/make -j8 -f &quot;/home/chris/academics/PhD/codebase/TBG_FLOQUET/Makefile&quot;  VERBOSE=1 clean"/>
					<DistClean command="/usr/bin/make -j8 -f &quot;/home/chris/academics/PhD/codebase/TBG_FLOQUET/Makefile&quot;  VERBOSE=1 clean"/>
				</MakeCommands>
			</Target>
			<Target title="runAllTests.out">
				<Option output="/home/chris/academics/PhD/codebase/TBG_FLOQUET/test/runAllTests.out" prefix_auto="0" extension_auto="0"/>
				<Option working_dir="/home/chris/academics/PhD/codebase/TBG_FLOQUET/test"/>
				<Option object_output="./"/>
				<Option type="1"/>
				<Option compiler="icc"/>
				<Compiler>
					<Add directory="/home/chris/academics/PhD/codebase/TBG_FLOQUET/test"/>
					<Add directory="/home/chris/academics/PhD/codebase/TBG_FLOQUET/./include"/>
					<Add directory="/usr/include/hdf5/serial"/>
					<Add directory="/home/chris/academics/PhD/codebase/TBG_FLOQUET/test/googletest/include"/>
					<Add directory="/home/chris/academics/PhD/codebase/TBG_FLOQUET/test/googletest"/>
					<Add directory="/home/chris/academics/PhD/codebase/TBG_FLOQUET/test/../include"/>
					<Add directory="/home/chris/academics/PhD/codebase/TBG_FLOQUET/test/googletest/googletest/include"/>
					<Add directory="/home/chris/academics/PhD/codebase/TBG_FLOQUET/test/googletest/googletest"/>
					<Add directory="/opt/intel/oneapi/mpi/2021.3.0/include"/>
					<Add directory="/opt/intel/oneapi/vpl/2021.4.0/include"/>
					<Add directory="/opt/intel/oneapi/tbb/2021.3.0/env/../include"/>
					<Add directory="/opt/intel/oneapi/mpi/2021.3.0//include"/>
					<Add directory="/opt/intel/oneapi/mkl/2021.3.0/include"/>
					<Add directory="/opt/intel/oneapi/ipp/2021.3.0/include"/>
					<Add directory="/opt/intel/oneapi/ippcp/2021.3.0/include"/>
					<Add directory="/opt/intel/oneapi/dpl/2021.4.0/linux/include"/>
					<Add directory="/opt/intel/oneapi/dpcpp-ct/2021.3.0/include"/>
					<Add directory="/opt/intel/oneapi/dnnl/2021.3.0/cpu_dpcpp_gpu_dpcpp/lib"/>
					<Add directory="/opt/intel/oneapi/dev-utilities/2021.3.0/include"/>
					<Add directory="/opt/intel/oneapi/dal/2021.3.0/include"/>
					<Add directory="/opt/intel/oneapi/compiler/2021.3.0/linux/include"/>
					<Add directory="/opt/intel/oneapi/ccl/2021.3.0/include/cpu_gpu_dpcpp"/>
					<Add directory="/opt/intel/oneapi/clck/2021.3.0/include"/>
					<Add directory="/opt/intel/oneapi/compiler/2021.3.0/linux/bin/intel64/../../compiler/include/intel64"/>
					<Add directory="/opt/intel/oneapi/compiler/2021.3.0/linux/bin/intel64/../../compiler/include/icc"/>
					<Add directory="/opt/intel/oneapi/compiler/2021.3.0/linux/bin/intel64/../../compiler/include"/>
					<Add directory="/usr/include/c++/9"/>
					<Add directory="/usr/include/c++/9/backward"/>
					<Add directory="/usr/local/include"/>
					<Add directory="/usr/lib/gcc/x86_64-linux-gnu/9/include"/>
					<Add directory="/usr/include/"/>
					<Add directory="/usr/include"/>
					<Add directory="/usr/include/x86_64-linux-gnu"/>
					<Add directory="/usr/include/x86_64-linux-gnu/c++/9"/>
				</Compiler>
				<MakeCommands>
					<Build command="/usr/bin/make -j8 -f &quot;/home/chris/academics/PhD/codebase/TBG_FLOQUET/test/Makefile&quot;  VERBOSE=1 runAllTests.out"/>
					<CompileFile command="/usr/bin/make -j8 -f &quot;/home/chris/academics/PhD/codebase/TBG_FLOQUET/test/Makefile&quot;  VERBOSE=1 &quot;$file&quot;"/>
					<Clean command="/usr/bin/make -j8 -f &quot;/home/chris/academics/PhD/codebase/TBG_FLOQUET/test/Makefile&quot;  VERBOSE=1 clean"/>
					<DistClean command="/usr/bin/make -j8 -f &quot;/home/chris/academics/PhD/codebase/TBG_FLOQUET/test/Makefile&quot;  VERBOSE=1 clean"/>
				</MakeCommands>
			</Target>
			<Target title="runAllTests.out/fast">
				<Option output="/home/chris/academics/PhD/codebase/TBG_FLOQUET/test/runAllTests.out" prefix_auto="0" extension_auto="0"/>
				<Option working_dir="/home/chris/academics/PhD/codebase/TBG_FLOQUET/test"/>
				<Option object_output="./"/>
				<Option type="1"/>
				<Option compiler="icc"/>
				<Compiler>
					<Add directory="/home/chris/academics/PhD/codebase/TBG_FLOQUET/test"/>
					<Add directory="/home/chris/academics/PhD/codebase/TBG_FLOQUET/./include"/>
					<Add directory="/usr/include/hdf5/serial"/>
					<Add directory="/home/chris/academics/PhD/codebase/TBG_FLOQUET/test/googletest/include"/>
					<Add directory="/home/chris/academics/PhD/codebase/TBG_FLOQUET/test/googletest"/>
					<Add directory="/home/chris/academics/PhD/codebase/TBG_FLOQUET/test/../include"/>
					<Add directory="/home/chris/academics/PhD/codebase/TBG_FLOQUET/test/googletest/googletest/include"/>
					<Add directory="/home/chris/academics/PhD/codebase/TBG_FLOQUET/test/googletest/googletest"/>
					<Add directory="/opt/intel/oneapi/mpi/2021.3.0/include"/>
					<Add directory="/opt/intel/oneapi/vpl/2021.4.0/include"/>
					<Add directory="/opt/intel/oneapi/tbb/2021.3.0/env/../include"/>
					<Add directory="/opt/intel/oneapi/mpi/2021.3.0//include"/>
					<Add directory="/opt/intel/oneapi/mkl/2021.3.0/include"/>
					<Add directory="/opt/intel/oneapi/ipp/2021.3.0/include"/>
					<Add directory="/opt/intel/oneapi/ippcp/2021.3.0/include"/>
					<Add directory="/opt/intel/oneapi/dpl/2021.4.0/linux/include"/>
					<Add directory="/opt/intel/oneapi/dpcpp-ct/2021.3.0/include"/>
					<Add directory="/opt/intel/oneapi/dnnl/2021.3.0/cpu_dpcpp_gpu_dpcpp/lib"/>
					<Add directory="/opt/intel/oneapi/dev-utilities/2021.3.0/include"/>
					<Add directory="/opt/intel/oneapi/dal/2021.3.0/include"/>
					<Add directory="/opt/intel/oneapi/compiler/2021.3.0/linux/include"/>
					<Add directory="/opt/intel/oneapi/ccl/2021.3.0/include/cpu_gpu_dpcpp"/>
					<Add directory="/opt/intel/oneapi/clck/2021.3.0/include"/>
					<Add directory="/opt/intel/oneapi/compiler/2021.3.0/linux/bin/intel64/../../compiler/include/intel64"/>
					<Add directory="/opt/intel/oneapi/compiler/2021.3.0/linux/bin/intel64/../../compiler/include/icc"/>
					<Add directory="/opt/intel/oneapi/compiler/2021.3.0/linux/bin/intel64/../../compiler/include"/>
					<Add directory="/usr/include/c++/9"/>
					<Add directory="/usr/include/c++/9/backward"/>
					<Add directory="/usr/local/include"/>
					<Add directory="/usr/lib/gcc/x86_64-linux-gnu/9/include"/>
					<Add directory="/usr/include/"/>
					<Add directory="/usr/include"/>
					<Add directory="/usr/include/x86_64-linux-gnu"/>
					<Add directory="/usr/include/x86_64-linux-gnu/c++/9"/>
				</Compiler>
				<MakeCommands>
					<Build command="/usr/bin/make -j8 -f &quot;/home/chris/academics/PhD/codebase/TBG_FLOQUET/test/Makefile&quot;  VERBOSE=1 runAllTests.out/fast"/>
					<CompileFile command="/usr/bin/make -j8 -f &quot;/home/chris/academics/PhD/codebase/TBG_FLOQUET/test/Makefile&quot;  VERBOSE=1 &quot;$file&quot;"/>
					<Clean command="/usr/bin/make -j8 -f &quot;/home/chris/academics/PhD/codebase/TBG_FLOQUET/test/Makefile&quot;  VERBOSE=1 clean"/>
					<DistClean command="/usr/bin/make -j8 -f &quot;/home/chris/academics/PhD/codebase/TBG_FLOQUET/test/Makefile&quot;  VERBOSE=1 clean"/>
				</MakeCommands>
			</Target>
			<Target title="gmock_main">
				<Option output="/home/chris/academics/PhD/codebase/TBG_FLOQUET/lib/libgmock_maind.a" prefix_auto="0" extension_auto="0"/>
				<Option working_dir="/home/chris/academics/PhD/codebase/TBG_FLOQUET/test/googletest/googlemock"/>
				<Option object_output="./"/>
				<Option type="2"/>
				<Option compiler="icc"/>
				<Compiler>
					<Add directory="/home/chris/academics/PhD/codebase/TBG_FLOQUET/./include"/>
					<Add directory="/usr/include/hdf5/serial"/>
					<Add directory="/home/chris/academics/PhD/codebase/TBG_FLOQUET/test/googletest/googlemock"/>
					<Add directory="/home/chris/academics/PhD/codebase/TBG_FLOQUET/test/googletest/googlemock/include"/>
					<Add directory="/home/chris/academics/PhD/codebase/TBG_FLOQUET/test/googletest/googletest/include"/>
					<Add directory="/home/chris/academics/PhD/codebase/TBG_FLOQUET/test/googletest/googletest"/>
					<Add directory="/opt/intel/oneapi/mpi/2021.3.0/include"/>
					<Add directory="/opt/intel/oneapi/vpl/2021.4.0/include"/>
					<Add directory="/opt/intel/oneapi/tbb/2021.3.0/env/../include"/>
					<Add directory="/opt/intel/oneapi/mpi/2021.3.0//include"/>
					<Add directory="/opt/intel/oneapi/mkl/2021.3.0/include"/>
					<Add directory="/opt/intel/oneapi/ipp/2021.3.0/include"/>
					<Add directory="/opt/intel/oneapi/ippcp/2021.3.0/include"/>
					<Add directory="/opt/intel/oneapi/dpl/2021.4.0/linux/include"/>
					<Add directory="/opt/intel/oneapi/dpcpp-ct/2021.3.0/include"/>
					<Add directory="/opt/intel/oneapi/dnnl/2021.3.0/cpu_dpcpp_gpu_dpcpp/lib"/>
					<Add directory="/opt/intel/oneapi/dev-utilities/2021.3.0/include"/>
					<Add directory="/opt/intel/oneapi/dal/2021.3.0/include"/>
					<Add directory="/opt/intel/oneapi/compiler/2021.3.0/linux/include"/>
					<Add directory="/opt/intel/oneapi/ccl/2021.3.0/include/cpu_gpu_dpcpp"/>
					<Add directory="/opt/intel/oneapi/clck/2021.3.0/include"/>
					<Add directory="/opt/intel/oneapi/compiler/2021.3.0/linux/bin/intel64/../../compiler/include/intel64"/>
					<Add directory="/opt/intel/oneapi/compiler/2021.3.0/linux/bin/intel64/../../compiler/include/icc"/>
					<Add directory="/opt/intel/oneapi/compiler/2021.3.0/linux/bin/intel64/../../compiler/include"/>
					<Add directory="/usr/include/c++/9"/>
					<Add directory="/usr/include/c++/9/backward"/>
					<Add directory="/usr/local/include"/>
					<Add directory="/usr/lib/gcc/x86_64-linux-gnu/9/include"/>
					<Add directory="/usr/include/"/>
					<Add directory="/usr/include"/>
					<Add directory="/usr/include/x86_64-linux-gnu"/>
					<Add directory="/usr/include/x86_64-linux-gnu/c++/9"/>
				</Compiler>
				<MakeCommands>
					<Build command="/usr/bin/make -j8 -f &quot;/home/chris/academics/PhD/codebase/TBG_FLOQUET/test/googletest/googlemock/Makefile&quot;  VERBOSE=1 gmock_main"/>
					<CompileFile command="/usr/bin/make -j8 -f &quot;/home/chris/academics/PhD/codebase/TBG_FLOQUET/test/googletest/googlemock/Makefile&quot;  VERBOSE=1 &quot;$file&quot;"/>
					<Clean command="/usr/bin/make -j8 -f &quot;/home/chris/academics/PhD/codebase/TBG_FLOQUET/test/googletest/googlemock/Makefile&quot;  VERBOSE=1 clean"/>
					<DistClean command="/usr/bin/make -j8 -f &quot;/home/chris/academics/PhD/codebase/TBG_FLOQUET/test/googletest/googlemock/Makefile&quot;  VERBOSE=1 clean"/>
				</MakeCommands>
			</Target>
			<Target title="gmock_main/fast">
				<Option output="/home/chris/academics/PhD/codebase/TBG_FLOQUET/lib/libgmock_maind.a" prefix_auto="0" extension_auto="0"/>
				<Option working_dir="/home/chris/academics/PhD/codebase/TBG_FLOQUET/test/googletest/googlemock"/>
				<Option object_output="./"/>
				<Option type="2"/>
				<Option compiler="icc"/>
				<Compiler>
					<Add directory="/home/chris/academics/PhD/codebase/TBG_FLOQUET/./include"/>
					<Add directory="/usr/include/hdf5/serial"/>
					<Add directory="/home/chris/academics/PhD/codebase/TBG_FLOQUET/test/googletest/googlemock"/>
					<Add directory="/home/chris/academics/PhD/codebase/TBG_FLOQUET/test/googletest/googlemock/include"/>
					<Add directory="/home/chris/academics/PhD/codebase/TBG_FLOQUET/test/googletest/googletest/include"/>
					<Add directory="/home/chris/academics/PhD/codebase/TBG_FLOQUET/test/googletest/googletest"/>
					<Add directory="/opt/intel/oneapi/mpi/2021.3.0/include"/>
					<Add directory="/opt/intel/oneapi/vpl/2021.4.0/include"/>
					<Add directory="/opt/intel/oneapi/tbb/2021.3.0/env/../include"/>
					<Add directory="/opt/intel/oneapi/mpi/2021.3.0//include"/>
					<Add directory="/opt/intel/oneapi/mkl/2021.3.0/include"/>
					<Add directory="/opt/intel/oneapi/ipp/2021.3.0/include"/>
					<Add directory="/opt/intel/oneapi/ippcp/2021.3.0/include"/>
					<Add directory="/opt/intel/oneapi/dpl/2021.4.0/linux/include"/>
					<Add directory="/opt/intel/oneapi/dpcpp-ct/2021.3.0/include"/>
					<Add directory="/opt/intel/oneapi/dnnl/2021.3.0/cpu_dpcpp_gpu_dpcpp/lib"/>
					<Add directory="/opt/intel/oneapi/dev-utilities/2021.3.0/include"/>
					<Add directory="/opt/intel/oneapi/dal/2021.3.0/include"/>
					<Add directory="/opt/intel/oneapi/compiler/2021.3.0/linux/include"/>
					<Add directory="/opt/intel/oneapi/ccl/2021.3.0/include/cpu_gpu_dpcpp"/>
					<Add directory="/opt/intel/oneapi/clck/2021.3.0/include"/>
					<Add directory="/opt/intel/oneapi/compiler/2021.3.0/linux/bin/intel64/../../compiler/include/intel64"/>
					<Add directory="/opt/intel/oneapi/compiler/2021.3.0/linux/bin/intel64/../../compiler/include/icc"/>
					<Add directory="/opt/intel/oneapi/compiler/2021.3.0/linux/bin/intel64/../../compiler/include"/>
					<Add directory="/usr/include/c++/9"/>
					<Add directory="/usr/include/c++/9/backward"/>
					<Add directory="/usr/local/include"/>
					<Add directory="/usr/lib/gcc/x86_64-linux-gnu/9/include"/>
					<Add directory="/usr/include/"/>
					<Add directory="/usr/include"/>
					<Add directory="/usr/include/x86_64-linux-gnu"/>
					<Add directory="/usr/include/x86_64-linux-gnu/c++/9"/>
				</Compiler>
				<MakeCommands>
					<Build command="/usr/bin/make -j8 -f &quot;/home/chris/academics/PhD/codebase/TBG_FLOQUET/test/googletest/googlemock/Makefile&quot;  VERBOSE=1 gmock_main/fast"/>
					<CompileFile command="/usr/bin/make -j8 -f &quot;/home/chris/academics/PhD/codebase/TBG_FLOQUET/test/googletest/googlemock/Makefile&quot;  VERBOSE=1 &quot;$file&quot;"/>
					<Clean command="/usr/bin/make -j8 -f &quot;/home/chris/academics/PhD/codebase/TBG_FLOQUET/test/googletest/googlemock/Makefile&quot;  VERBOSE=1 clean"/>
					<DistClean command="/usr/bin/make -j8 -f &quot;/home/chris/academics/PhD/codebase/TBG_FLOQUET/test/googletest/googlemock/Makefile&quot;  VERBOSE=1 clean"/>
				</MakeCommands>
			</Target>
			<Target title="gmock">
				<Option output="/home/chris/academics/PhD/codebase/TBG_FLOQUET/lib/libgmockd.a" prefix_auto="0" extension_auto="0"/>
				<Option working_dir="/home/chris/academics/PhD/codebase/TBG_FLOQUET/test/googletest/googlemock"/>
				<Option object_output="./"/>
				<Option type="2"/>
				<Option compiler="icc"/>
				<Compiler>
					<Add directory="/home/chris/academics/PhD/codebase/TBG_FLOQUET/test/googletest/googlemock"/>
					<Add directory="/home/chris/academics/PhD/codebase/TBG_FLOQUET/./include"/>
					<Add directory="/usr/include/hdf5/serial"/>
					<Add directory="/home/chris/academics/PhD/codebase/TBG_FLOQUET/test/googletest/googlemock/include"/>
					<Add directory="/home/chris/academics/PhD/codebase/TBG_FLOQUET/test/googletest/googletest/include"/>
					<Add directory="/home/chris/academics/PhD/codebase/TBG_FLOQUET/test/googletest/googletest"/>
					<Add directory="/opt/intel/oneapi/mpi/2021.3.0/include"/>
					<Add directory="/opt/intel/oneapi/vpl/2021.4.0/include"/>
					<Add directory="/opt/intel/oneapi/tbb/2021.3.0/env/../include"/>
					<Add directory="/opt/intel/oneapi/mpi/2021.3.0//include"/>
					<Add directory="/opt/intel/oneapi/mkl/2021.3.0/include"/>
					<Add directory="/opt/intel/oneapi/ipp/2021.3.0/include"/>
					<Add directory="/opt/intel/oneapi/ippcp/2021.3.0/include"/>
					<Add directory="/opt/intel/oneapi/dpl/2021.4.0/linux/include"/>
					<Add directory="/opt/intel/oneapi/dpcpp-ct/2021.3.0/include"/>
					<Add directory="/opt/intel/oneapi/dnnl/2021.3.0/cpu_dpcpp_gpu_dpcpp/lib"/>
					<Add directory="/opt/intel/oneapi/dev-utilities/2021.3.0/include"/>
					<Add directory="/opt/intel/oneapi/dal/2021.3.0/include"/>
					<Add directory="/opt/intel/oneapi/compiler/2021.3.0/linux/include"/>
					<Add directory="/opt/intel/oneapi/ccl/2021.3.0/include/cpu_gpu_dpcpp"/>
					<Add directory="/opt/intel/oneapi/clck/2021.3.0/include"/>
					<Add directory="/opt/intel/oneapi/compiler/2021.3.0/linux/bin/intel64/../../compiler/include/intel64"/>
					<Add directory="/opt/intel/oneapi/compiler/2021.3.0/linux/bin/intel64/../../compiler/include/icc"/>
					<Add directory="/opt/intel/oneapi/compiler/2021.3.0/linux/bin/intel64/../../compiler/include"/>
					<Add directory="/usr/include/c++/9"/>
					<Add directory="/usr/include/c++/9/backward"/>
					<Add directory="/usr/local/include"/>
					<Add directory="/usr/lib/gcc/x86_64-linux-gnu/9/include"/>
					<Add directory="/usr/include/"/>
					<Add directory="/usr/include"/>
					<Add directory="/usr/include/x86_64-linux-gnu"/>
					<Add directory="/usr/include/x86_64-linux-gnu/c++/9"/>
				</Compiler>
				<MakeCommands>
					<Build command="/usr/bin/make -j8 -f &quot;/home/chris/academics/PhD/codebase/TBG_FLOQUET/test/googletest/googlemock/Makefile&quot;  VERBOSE=1 gmock"/>
					<CompileFile command="/usr/bin/make -j8 -f &quot;/home/chris/academics/PhD/codebase/TBG_FLOQUET/test/googletest/googlemock/Makefile&quot;  VERBOSE=1 &quot;$file&quot;"/>
					<Clean command="/usr/bin/make -j8 -f &quot;/home/chris/academics/PhD/codebase/TBG_FLOQUET/test/googletest/googlemock/Makefile&quot;  VERBOSE=1 clean"/>
					<DistClean command="/usr/bin/make -j8 -f &quot;/home/chris/academics/PhD/codebase/TBG_FLOQUET/test/googletest/googlemock/Makefile&quot;  VERBOSE=1 clean"/>
				</MakeCommands>
			</Target>
			<Target title="gmock/fast">
				<Option output="/home/chris/academics/PhD/codebase/TBG_FLOQUET/lib/libgmockd.a" prefix_auto="0" extension_auto="0"/>
				<Option working_dir="/home/chris/academics/PhD/codebase/TBG_FLOQUET/test/googletest/googlemock"/>
				<Option object_output="./"/>
				<Option type="2"/>
				<Option compiler="icc"/>
				<Compiler>
					<Add directory="/home/chris/academics/PhD/codebase/TBG_FLOQUET/test/googletest/googlemock"/>
					<Add directory="/home/chris/academics/PhD/codebase/TBG_FLOQUET/./include"/>
					<Add directory="/usr/include/hdf5/serial"/>
					<Add directory="/home/chris/academics/PhD/codebase/TBG_FLOQUET/test/googletest/googlemock/include"/>
					<Add directory="/home/chris/academics/PhD/codebase/TBG_FLOQUET/test/googletest/googletest/include"/>
					<Add directory="/home/chris/academics/PhD/codebase/TBG_FLOQUET/test/googletest/googletest"/>
					<Add directory="/opt/intel/oneapi/mpi/2021.3.0/include"/>
					<Add directory="/opt/intel/oneapi/vpl/2021.4.0/include"/>
					<Add directory="/opt/intel/oneapi/tbb/2021.3.0/env/../include"/>
					<Add directory="/opt/intel/oneapi/mpi/2021.3.0//include"/>
					<Add directory="/opt/intel/oneapi/mkl/2021.3.0/include"/>
					<Add directory="/opt/intel/oneapi/ipp/2021.3.0/include"/>
					<Add directory="/opt/intel/oneapi/ippcp/2021.3.0/include"/>
					<Add directory="/opt/intel/oneapi/dpl/2021.4.0/linux/include"/>
					<Add directory="/opt/intel/oneapi/dpcpp-ct/2021.3.0/include"/>
					<Add directory="/opt/intel/oneapi/dnnl/2021.3.0/cpu_dpcpp_gpu_dpcpp/lib"/>
					<Add directory="/opt/intel/oneapi/dev-utilities/2021.3.0/include"/>
					<Add directory="/opt/intel/oneapi/dal/2021.3.0/include"/>
					<Add directory="/opt/intel/oneapi/compiler/2021.3.0/linux/include"/>
					<Add directory="/opt/intel/oneapi/ccl/2021.3.0/include/cpu_gpu_dpcpp"/>
					<Add directory="/opt/intel/oneapi/clck/2021.3.0/include"/>
					<Add directory="/opt/intel/oneapi/compiler/2021.3.0/linux/bin/intel64/../../compiler/include/intel64"/>
					<Add directory="/opt/intel/oneapi/compiler/2021.3.0/linux/bin/intel64/../../compiler/include/icc"/>
					<Add directory="/opt/intel/oneapi/compiler/2021.3.0/linux/bin/intel64/../../compiler/include"/>
					<Add directory="/usr/include/c++/9"/>
					<Add directory="/usr/include/c++/9/backward"/>
					<Add directory="/usr/local/include"/>
					<Add directory="/usr/lib/gcc/x86_64-linux-gnu/9/include"/>
					<Add directory="/usr/include/"/>
					<Add directory="/usr/include"/>
					<Add directory="/usr/include/x86_64-linux-gnu"/>
					<Add directory="/usr/include/x86_64-linux-gnu/c++/9"/>
				</Compiler>
				<MakeCommands>
					<Build command="/usr/bin/make -j8 -f &quot;/home/chris/academics/PhD/codebase/TBG_FLOQUET/test/googletest/googlemock/Makefile&quot;  VERBOSE=1 gmock/fast"/>
					<CompileFile command="/usr/bin/make -j8 -f &quot;/home/chris/academics/PhD/codebase/TBG_FLOQUET/test/googletest/googlemock/Makefile&quot;  VERBOSE=1 &quot;$file&quot;"/>
					<Clean command="/usr/bin/make -j8 -f &quot;/home/chris/academics/PhD/codebase/TBG_FLOQUET/test/googletest/googlemock/Makefile&quot;  VERBOSE=1 clean"/>
					<DistClean command="/usr/bin/make -j8 -f &quot;/home/chris/academics/PhD/codebase/TBG_FLOQUET/test/googletest/googlemock/Makefile&quot;  VERBOSE=1 clean"/>
				</MakeCommands>
			</Target>
			<Target title="gtest">
				<Option output="/home/chris/academics/PhD/codebase/TBG_FLOQUET/lib/libgtestd.a" prefix_auto="0" extension_auto="0"/>
				<Option working_dir="/home/chris/academics/PhD/codebase/TBG_FLOQUET/test/googletest/googletest"/>
				<Option object_output="./"/>
				<Option type="2"/>
				<Option compiler="icc"/>
				<Compiler>
					<Add directory="/home/chris/academics/PhD/codebase/TBG_FLOQUET/test/googletest/googletest"/>
					<Add directory="/home/chris/academics/PhD/codebase/TBG_FLOQUET/./include"/>
					<Add directory="/usr/include/hdf5/serial"/>
					<Add directory="/home/chris/academics/PhD/codebase/TBG_FLOQUET/test/googletest/googletest/include"/>
					<Add directory="/opt/intel/oneapi/mpi/2021.3.0/include"/>
					<Add directory="/opt/intel/oneapi/vpl/2021.4.0/include"/>
					<Add directory="/opt/intel/oneapi/tbb/2021.3.0/env/../include"/>
					<Add directory="/opt/intel/oneapi/mpi/2021.3.0//include"/>
					<Add directory="/opt/intel/oneapi/mkl/2021.3.0/include"/>
					<Add directory="/opt/intel/oneapi/ipp/2021.3.0/include"/>
					<Add directory="/opt/intel/oneapi/ippcp/2021.3.0/include"/>
					<Add directory="/opt/intel/oneapi/dpl/2021.4.0/linux/include"/>
					<Add directory="/opt/intel/oneapi/dpcpp-ct/2021.3.0/include"/>
					<Add directory="/opt/intel/oneapi/dnnl/2021.3.0/cpu_dpcpp_gpu_dpcpp/lib"/>
					<Add directory="/opt/intel/oneapi/dev-utilities/2021.3.0/include"/>
					<Add directory="/opt/intel/oneapi/dal/2021.3.0/include"/>
					<Add directory="/opt/intel/oneapi/compiler/2021.3.0/linux/include"/>
					<Add directory="/opt/intel/oneapi/ccl/2021.3.0/include/cpu_gpu_dpcpp"/>
					<Add directory="/opt/intel/oneapi/clck/2021.3.0/include"/>
					<Add directory="/opt/intel/oneapi/compiler/2021.3.0/linux/bin/intel64/../../compiler/include/intel64"/>
					<Add directory="/opt/intel/oneapi/compiler/2021.3.0/linux/bin/intel64/../../compiler/include/icc"/>
					<Add directory="/opt/intel/oneapi/compiler/2021.3.0/linux/bin/intel64/../../compiler/include"/>
					<Add directory="/usr/include/c++/9"/>
					<Add directory="/usr/include/c++/9/backward"/>
					<Add directory="/usr/local/include"/>
					<Add directory="/usr/lib/gcc/x86_64-linux-gnu/9/include"/>
					<Add directory="/usr/include/"/>
					<Add directory="/usr/include"/>
					<Add directory="/usr/include/x86_64-linux-gnu"/>
					<Add directory="/usr/include/x86_64-linux-gnu/c++/9"/>
				</Compiler>
				<MakeCommands>
					<Build command="/usr/bin/make -j8 -f &quot;/home/chris/academics/PhD/codebase/TBG_FLOQUET/test/googletest/googletest/Makefile&quot;  VERBOSE=1 gtest"/>
					<CompileFile command="/usr/bin/make -j8 -f &quot;/home/chris/academics/PhD/codebase/TBG_FLOQUET/test/googletest/googletest/Makefile&quot;  VERBOSE=1 &quot;$file&quot;"/>
					<Clean command="/usr/bin/make -j8 -f &quot;/home/chris/academics/PhD/codebase/TBG_FLOQUET/test/googletest/googletest/Makefile&quot;  VERBOSE=1 clean"/>
					<DistClean command="/usr/bin/make -j8 -f &quot;/home/chris/academics/PhD/codebase/TBG_FLOQUET/test/googletest/googletest/Makefile&quot;  VERBOSE=1 clean"/>
				</MakeCommands>
			</Target>
			<Target title="gtest/fast">
				<Option output="/home/chris/academics/PhD/codebase/TBG_FLOQUET/lib/libgtestd.a" prefix_auto="0" extension_auto="0"/>
				<Option working_dir="/home/chris/academics/PhD/codebase/TBG_FLOQUET/test/googletest/googletest"/>
				<Option object_output="./"/>
				<Option type="2"/>
				<Option compiler="icc"/>
				<Compiler>
					<Add directory="/home/chris/academics/PhD/codebase/TBG_FLOQUET/test/googletest/googletest"/>
					<Add directory="/home/chris/academics/PhD/codebase/TBG_FLOQUET/./include"/>
					<Add directory="/usr/include/hdf5/serial"/>
					<Add directory="/home/chris/academics/PhD/codebase/TBG_FLOQUET/test/googletest/googletest/include"/>
					<Add directory="/opt/intel/oneapi/mpi/2021.3.0/include"/>
					<Add directory="/opt/intel/oneapi/vpl/2021.4.0/include"/>
					<Add directory="/opt/intel/oneapi/tbb/2021.3.0/env/../include"/>
					<Add directory="/opt/intel/oneapi/mpi/2021.3.0//include"/>
					<Add directory="/opt/intel/oneapi/mkl/2021.3.0/include"/>
					<Add directory="/opt/intel/oneapi/ipp/2021.3.0/include"/>
					<Add directory="/opt/intel/oneapi/ippcp/2021.3.0/include"/>
					<Add directory="/opt/intel/oneapi/dpl/2021.4.0/linux/include"/>
					<Add directory="/opt/intel/oneapi/dpcpp-ct/2021.3.0/include"/>
					<Add directory="/opt/intel/oneapi/dnnl/2021.3.0/cpu_dpcpp_gpu_dpcpp/lib"/>
					<Add directory="/opt/intel/oneapi/dev-utilities/2021.3.0/include"/>
					<Add directory="/opt/intel/oneapi/dal/2021.3.0/include"/>
					<Add directory="/opt/intel/oneapi/compiler/2021.3.0/linux/include"/>
					<Add directory="/opt/intel/oneapi/ccl/2021.3.0/include/cpu_gpu_dpcpp"/>
					<Add directory="/opt/intel/oneapi/clck/2021.3.0/include"/>
					<Add directory="/opt/intel/oneapi/compiler/2021.3.0/linux/bin/intel64/../../compiler/include/intel64"/>
					<Add directory="/opt/intel/oneapi/compiler/2021.3.0/linux/bin/intel64/../../compiler/include/icc"/>
					<Add directory="/opt/intel/oneapi/compiler/2021.3.0/linux/bin/intel64/../../compiler/include"/>
					<Add directory="/usr/include/c++/9"/>
					<Add directory="/usr/include/c++/9/backward"/>
					<Add directory="/usr/local/include"/>
					<Add directory="/usr/lib/gcc/x86_64-linux-gnu/9/include"/>
					<Add directory="/usr/include/"/>
					<Add directory="/usr/include"/>
					<Add directory="/usr/include/x86_64-linux-gnu"/>
					<Add directory="/usr/include/x86_64-linux-gnu/c++/9"/>
				</Compiler>
				<MakeCommands>
					<Build command="/usr/bin/make -j8 -f &quot;/home/chris/academics/PhD/codebase/TBG_FLOQUET/test/googletest/googletest/Makefile&quot;  VERBOSE=1 gtest/fast"/>
					<CompileFile command="/usr/bin/make -j8 -f &quot;/home/chris/academics/PhD/codebase/TBG_FLOQUET/test/googletest/googletest/Makefile&quot;  VERBOSE=1 &quot;$file&quot;"/>
					<Clean command="/usr/bin/make -j8 -f &quot;/home/chris/academics/PhD/codebase/TBG_FLOQUET/test/googletest/googletest/Makefile&quot;  VERBOSE=1 clean"/>
					<DistClean command="/usr/bin/make -j8 -f &quot;/home/chris/academics/PhD/codebase/TBG_FLOQUET/test/googletest/googletest/Makefile&quot;  VERBOSE=1 clean"/>
				</MakeCommands>
			</Target>
			<Target title="gtest_main">
				<Option output="/home/chris/academics/PhD/codebase/TBG_FLOQUET/lib/libgtest_maind.a" prefix_auto="0" extension_auto="0"/>
				<Option working_dir="/home/chris/academics/PhD/codebase/TBG_FLOQUET/test/googletest/googletest"/>
				<Option object_output="./"/>
				<Option type="2"/>
				<Option compiler="icc"/>
				<Compiler>
					<Add directory="/home/chris/academics/PhD/codebase/TBG_FLOQUET/./include"/>
					<Add directory="/usr/include/hdf5/serial"/>
					<Add directory="/home/chris/academics/PhD/codebase/TBG_FLOQUET/test/googletest/googletest"/>
					<Add directory="/home/chris/academics/PhD/codebase/TBG_FLOQUET/test/googletest/googletest/include"/>
					<Add directory="/opt/intel/oneapi/mpi/2021.3.0/include"/>
					<Add directory="/opt/intel/oneapi/vpl/2021.4.0/include"/>
					<Add directory="/opt/intel/oneapi/tbb/2021.3.0/env/../include"/>
					<Add directory="/opt/intel/oneapi/mpi/2021.3.0//include"/>
					<Add directory="/opt/intel/oneapi/mkl/2021.3.0/include"/>
					<Add directory="/opt/intel/oneapi/ipp/2021.3.0/include"/>
					<Add directory="/opt/intel/oneapi/ippcp/2021.3.0/include"/>
					<Add directory="/opt/intel/oneapi/dpl/2021.4.0/linux/include"/>
					<Add directory="/opt/intel/oneapi/dpcpp-ct/2021.3.0/include"/>
					<Add directory="/opt/intel/oneapi/dnnl/2021.3.0/cpu_dpcpp_gpu_dpcpp/lib"/>
					<Add directory="/opt/intel/oneapi/dev-utilities/2021.3.0/include"/>
					<Add directory="/opt/intel/oneapi/dal/2021.3.0/include"/>
					<Add directory="/opt/intel/oneapi/compiler/2021.3.0/linux/include"/>
					<Add directory="/opt/intel/oneapi/ccl/2021.3.0/include/cpu_gpu_dpcpp"/>
					<Add directory="/opt/intel/oneapi/clck/2021.3.0/include"/>
					<Add directory="/opt/intel/oneapi/compiler/2021.3.0/linux/bin/intel64/../../compiler/include/intel64"/>
					<Add directory="/opt/intel/oneapi/compiler/2021.3.0/linux/bin/intel64/../../compiler/include/icc"/>
					<Add directory="/opt/intel/oneapi/compiler/2021.3.0/linux/bin/intel64/../../compiler/include"/>
					<Add directory="/usr/include/c++/9"/>
					<Add directory="/usr/include/c++/9/backward"/>
					<Add directory="/usr/local/include"/>
					<Add directory="/usr/lib/gcc/x86_64-linux-gnu/9/include"/>
					<Add directory="/usr/include/"/>
					<Add directory="/usr/include"/>
					<Add directory="/usr/include/x86_64-linux-gnu"/>
					<Add directory="/usr/include/x86_64-linux-gnu/c++/9"/>
				</Compiler>
				<MakeCommands>
					<Build command="/usr/bin/make -j8 -f &quot;/home/chris/academics/PhD/codebase/TBG_FLOQUET/test/googletest/googletest/Makefile&quot;  VERBOSE=1 gtest_main"/>
					<CompileFile command="/usr/bin/make -j8 -f &quot;/home/chris/academics/PhD/codebase/TBG_FLOQUET/test/googletest/googletest/Makefile&quot;  VERBOSE=1 &quot;$file&quot;"/>
					<Clean command="/usr/bin/make -j8 -f &quot;/home/chris/academics/PhD/codebase/TBG_FLOQUET/test/googletest/googletest/Makefile&quot;  VERBOSE=1 clean"/>
					<DistClean command="/usr/bin/make -j8 -f &quot;/home/chris/academics/PhD/codebase/TBG_FLOQUET/test/googletest/googletest/Makefile&quot;  VERBOSE=1 clean"/>
				</MakeCommands>
			</Target>
			<Target title="gtest_main/fast">
				<Option output="/home/chris/academics/PhD/codebase/TBG_FLOQUET/lib/libgtest_maind.a" prefix_auto="0" extension_auto="0"/>
				<Option working_dir="/home/chris/academics/PhD/codebase/TBG_FLOQUET/test/googletest/googletest"/>
				<Option object_output="./"/>
				<Option type="2"/>
				<Option compiler="icc"/>
				<Compiler>
					<Add directory="/home/chris/academics/PhD/codebase/TBG_FLOQUET/./include"/>
					<Add directory="/usr/include/hdf5/serial"/>
					<Add directory="/home/chris/academics/PhD/codebase/TBG_FLOQUET/test/googletest/googletest"/>
					<Add directory="/home/chris/academics/PhD/codebase/TBG_FLOQUET/test/googletest/googletest/include"/>
					<Add directory="/opt/intel/oneapi/mpi/2021.3.0/include"/>
					<Add directory="/opt/intel/oneapi/vpl/2021.4.0/include"/>
					<Add directory="/opt/intel/oneapi/tbb/2021.3.0/env/../include"/>
					<Add directory="/opt/intel/oneapi/mpi/2021.3.0//include"/>
					<Add directory="/opt/intel/oneapi/mkl/2021.3.0/include"/>
					<Add directory="/opt/intel/oneapi/ipp/2021.3.0/include"/>
					<Add directory="/opt/intel/oneapi/ippcp/2021.3.0/include"/>
					<Add directory="/opt/intel/oneapi/dpl/2021.4.0/linux/include"/>
					<Add directory="/opt/intel/oneapi/dpcpp-ct/2021.3.0/include"/>
					<Add directory="/opt/intel/oneapi/dnnl/2021.3.0/cpu_dpcpp_gpu_dpcpp/lib"/>
					<Add directory="/opt/intel/oneapi/dev-utilities/2021.3.0/include"/>
					<Add directory="/opt/intel/oneapi/dal/2021.3.0/include"/>
					<Add directory="/opt/intel/oneapi/compiler/2021.3.0/linux/include"/>
					<Add directory="/opt/intel/oneapi/ccl/2021.3.0/include/cpu_gpu_dpcpp"/>
					<Add directory="/opt/intel/oneapi/clck/2021.3.0/include"/>
					<Add directory="/opt/intel/oneapi/compiler/2021.3.0/linux/bin/intel64/../../compiler/include/intel64"/>
					<Add directory="/opt/intel/oneapi/compiler/2021.3.0/linux/bin/intel64/../../compiler/include/icc"/>
					<Add directory="/opt/intel/oneapi/compiler/2021.3.0/linux/bin/intel64/../../compiler/include"/>
					<Add directory="/usr/include/c++/9"/>
					<Add directory="/usr/include/c++/9/backward"/>
					<Add directory="/usr/local/include"/>
					<Add directory="/usr/lib/gcc/x86_64-linux-gnu/9/include"/>
					<Add directory="/usr/include/"/>
					<Add directory="/usr/include"/>
					<Add directory="/usr/include/x86_64-linux-gnu"/>
					<Add directory="/usr/include/x86_64-linux-gnu/c++/9"/>
				</Compiler>
				<MakeCommands>
					<Build command="/usr/bin/make -j8 -f &quot;/home/chris/academics/PhD/codebase/TBG_FLOQUET/test/googletest/googletest/Makefile&quot;  VERBOSE=1 gtest_main/fast"/>
					<CompileFile command="/usr/bin/make -j8 -f &quot;/home/chris/academics/PhD/codebase/TBG_FLOQUET/test/googletest/googletest/Makefile&quot;  VERBOSE=1 &quot;$file&quot;"/>
					<Clean command="/usr/bin/make -j8 -f &quot;/home/chris/academics/PhD/codebase/TBG_FLOQUET/test/googletest/googletest/Makefile&quot;  VERBOSE=1 clean"/>
					<DistClean command="/usr/bin/make -j8 -f &quot;/home/chris/academics/PhD/codebase/TBG_FLOQUET/test/googletest/googletest/Makefile&quot;  VERBOSE=1 clean"/>
				</MakeCommands>
			</Target>
		</Build>
		<Unit filename="/home/chris/academics/PhD/codebase/TBG_FLOQUET/include/Constants.h">
			<Option target="TBG.out"/>
		</Unit>
		<Unit filename="/home/chris/academics/PhD/codebase/TBG_FLOQUET/include/Diagonalization.h">
			<Option target="TBG.out"/>
		</Unit>
		<Unit filename="/home/chris/academics/PhD/codebase/TBG_FLOQUET/include/EqBerryCurvature.h">
			<Option target="TBG.out"/>
		</Unit>
		<Unit filename="/home/chris/academics/PhD/codebase/TBG_FLOQUET/include/FileHandling.h">
			<Option target="TBG.out"/>
		</Unit>
		<Unit filename="/home/chris/academics/PhD/codebase/TBG_FLOQUET/include/FloquetBerryCurvature.h">
			<Option target="TBG.out"/>
		</Unit>
		<Unit filename="/home/chris/academics/PhD/codebase/TBG_FLOQUET/include/Hk.h">
			<Option target="TBG.out"/>
		</Unit>
		<Unit filename="/home/chris/academics/PhD/codebase/TBG_FLOQUET/include/Hk0.h">
			<Option target="TBG.out"/>
		</Unit>
		<Unit filename="/home/chris/academics/PhD/codebase/TBG_FLOQUET/include/HkA.h">
			<Option target="TBG.out"/>
		</Unit>
		<Unit filename="/home/chris/academics/PhD/codebase/TBG_FLOQUET/include/InlineFunctions.h">
			<Option target="TBG.out"/>
		</Unit>
		<Unit filename="/home/chris/academics/PhD/codebase/TBG_FLOQUET/include/MatrixMultiplication.h">
			<Option target="TBG.out"/>
		</Unit>
		<Unit filename="/home/chris/academics/PhD/codebase/TBG_FLOQUET/include/OutputUtilities.h">
			<Option target="TBG.out"/>
		</Unit>
		<Unit filename="/home/chris/academics/PhD/codebase/TBG_FLOQUET/include/TestInitialization.h">
			<Option target="TBG.out"/>
		</Unit>
		<Unit filename="/home/chris/academics/PhD/codebase/TBG_FLOQUET/src/Diagonalization.cpp">
			<Option target="TBG.out"/>
			<Option target="runAllTests.out"/>
		</Unit>
		<Unit filename="/home/chris/academics/PhD/codebase/TBG_FLOQUET/src/EqBerryCurvature.cpp">
			<Option target="TBG.out"/>
			<Option target="runAllTests.out"/>
		</Unit>
		<Unit filename="/home/chris/academics/PhD/codebase/TBG_FLOQUET/src/FileHandling.cpp">
			<Option target="TBG.out"/>
			<Option target="runAllTests.out"/>
		</Unit>
		<Unit filename="/home/chris/academics/PhD/codebase/TBG_FLOQUET/src/FloquetBerryCurvature.cpp">
			<Option target="TBG.out"/>
			<Option target="runAllTests.out"/>
		</Unit>
		<Unit filename="/home/chris/academics/PhD/codebase/TBG_FLOQUET/src/Hk.cpp">
			<Option target="TBG.out"/>
			<Option target="runAllTests.out"/>
		</Unit>
		<Unit filename="/home/chris/academics/PhD/codebase/TBG_FLOQUET/src/Hk0.cpp">
			<Option target="TBG.out"/>
			<Option target="runAllTests.out"/>
		</Unit>
		<Unit filename="/home/chris/academics/PhD/codebase/TBG_FLOQUET/src/HkA.cpp">
			<Option target="TBG.out"/>
			<Option target="runAllTests.out"/>
		</Unit>
		<Unit filename="/home/chris/academics/PhD/codebase/TBG_FLOQUET/src/OutputUtilities.cpp">
			<Option target="TBG.out"/>
			<Option target="runAllTests.out"/>
		</Unit>
		<Unit filename="/home/chris/academics/PhD/codebase/TBG_FLOQUET/src/TBG.cpp">
			<Option target="TBG.out"/>
		</Unit>
		<Unit filename="/home/chris/academics/PhD/codebase/TBG_FLOQUET/test/FileHandlingTest.cpp">
			<Option target="runAllTests.out"/>
		</Unit>
		<Unit filename="/home/chris/academics/PhD/codebase/TBG_FLOQUET/test/LinATest.cpp">
			<Option target="runAllTests.out"/>
		</Unit>
		<Unit filename="/home/chris/academics/PhD/codebase/TBG_FLOQUET/test/OutputUtilitiesTest.cpp">
			<Option target="runAllTests.out"/>
		</Unit>
		<Unit filename="/home/chris/academics/PhD/codebase/TBG_FLOQUET/test/TestInitialization.cpp">
			<Option target="runAllTests.out"/>
		</Unit>
		<Unit filename="/home/chris/academics/PhD/codebase/TBG_FLOQUET/test/googletest/googlemock/src/gmock-all.cc">
			<Option target="gmock"/>
		</Unit>
		<Unit filename="/home/chris/academics/PhD/codebase/TBG_FLOQUET/test/googletest/googlemock/src/gmock_main.cc">
			<Option target="gmock_main"/>
		</Unit>
		<Unit filename="/home/chris/academics/PhD/codebase/TBG_FLOQUET/test/googletest/googletest/src/gtest-all.cc">
			<Option target="gtest"/>
		</Unit>
		<Unit filename="/home/chris/academics/PhD/codebase/TBG_FLOQUET/test/googletest/googletest/src/gtest_main.cc">
			<Option target="gtest_main"/>
		</Unit>
		<Unit filename="/home/chris/academics/PhD/codebase/TBG_FLOQUET/test/runAllTests.cpp">
			<Option target="runAllTests.out"/>
		</Unit>
		<Unit filename="/home/chris/academics/PhD/codebase/TBG_FLOQUET/test/trivialTest.cpp">
			<Option target="runAllTests.out"/>
		</Unit>
		<Unit filename="/home/chris/academics/PhD/codebase/TBG_FLOQUET/CMakeLists.txt">
			<Option virtualFolder="CMake Files\"/>
		</Unit>
		<Unit filename="/home/chris/academics/PhD/codebase/TBG_FLOQUET/test/CMakeLists.txt">
			<Option virtualFolder="CMake Files\test\"/>
		</Unit>
		<Unit filename="/home/chris/academics/PhD/codebase/TBG_FLOQUET/test/googletest/CMakeLists.txt">
			<Option virtualFolder="CMake Files\test\googletest\"/>
		</Unit>
		<Unit filename="/home/chris/academics/PhD/codebase/TBG_FLOQUET/test/googletest/googlemock/CMakeLists.txt">
			<Option virtualFolder="CMake Files\test\googletest\googlemock\"/>
		</Unit>
		<Unit filename="/home/chris/academics/PhD/codebase/TBG_FLOQUET/test/googletest/googlemock/cmake/gmock.pc.in">
			<Option virtualFolder="CMake Files\test\googletest\googlemock\cmake\"/>
		</Unit>
		<Unit filename="/home/chris/academics/PhD/codebase/TBG_FLOQUET/test/googletest/googlemock/cmake/gmock_main.pc.in">
			<Option virtualFolder="CMake Files\test\googletest\googlemock\cmake\"/>
		</Unit>
		<Unit filename="/home/chris/academics/PhD/codebase/TBG_FLOQUET/test/googletest/googletest/CMakeLists.txt">
			<Option virtualFolder="CMake Files\test\googletest\googletest\"/>
		</Unit>
		<Unit filename="/home/chris/academics/PhD/codebase/TBG_FLOQUET/test/googletest/googletest/cmake/Config.cmake.in">
			<Option virtualFolder="CMake Files\test\googletest\googletest\cmake\"/>
		</Unit>
		<Unit filename="/home/chris/academics/PhD/codebase/TBG_FLOQUET/test/googletest/googletest/cmake/gtest.pc.in">
			<Option virtualFolder="CMake Files\test\googletest\googletest\cmake\"/>
		</Unit>
		<Unit filename="/home/chris/academics/PhD/codebase/TBG_FLOQUET/test/googletest/googletest/cmake/gtest_main.pc.in">
			<Option virtualFolder="CMake Files\test\googletest\googletest\cmake\"/>
		</Unit>
		<Unit filename="/home/chris/academics/PhD/codebase/TBG_FLOQUET/test/googletest/googletest/cmake/internal_utils.cmake">
			<Option virtualFolder="CMake Files\test\googletest\googletest\cmake\"/>
		</Unit>
	</Project>
</CodeBlocks_project_file>
